
Microsoft Visual Studio Solution File, Format Version 12.00
# Visual Studio Version 17
VisualStudioVersion = 17.5.002.0
MinimumVisualStudioVersion = 10.0.40219.1
Project("{9A19103F-16F7-4668-BE54-9A1E7A4F7556}") = "BlazorAzureADB2CApp1", "BlazorAzureADB2CApp1\BlazorAzureADB2CApp1.csproj", "{1841C8BF-7D6C-449D-9640-D44E4F8AB695}"
EndProject
Global
	GlobalSection(SolutionConfigurationPlatforms) = preSolution
		Debug|Any CPU = Debug|Any CPU
		Release|Any CPU = Release|Any CPU
	EndGlobalSection
	GlobalSection(ProjectConfigurationPlatforms) = postSolution
		{1841C8BF-7D6C-449D-9640-D44E4F8AB695}.Debug|Any CPU.ActiveCfg = Debug|Any CPU
		{1841C8BF-7D6C-449D-9640-D44E4F8AB695}.Debug|Any CPU.Build.0 = Debug|Any CPU
		{1841C8BF-7D6C-449D-9640-D44E4F8AB695}.Release|Any CPU.ActiveCfg = Release|Any CPU
		{1841C8BF-7D6C-449D-9640-D44E4F8AB695}.Release|Any CPU.Build.0 = Release|Any CPU
	EndGlobalSection
	GlobalSection(SolutionProperties) = preSolution
		HideSolutionNode = FALSE
	EndGlobalSection
	GlobalSection(ExtensibilityGlobals) = postSolution
		SolutionGuid = {824CF74A-3E6E-45EC-9827-125301949BBE}
	EndGlobalSection
EndGlobal
